
Microsoft Visual Studio Solution File, Format Version 12.00
# Visual Studio Version 16
VisualStudioVersion = 16.0.28803.202
MinimumVisualStudioVersion = 10.0.40219.1
Project("{FAE04EC0-301F-11D3-BF4B-00C04F79EFBC}") = "AlexaPowerTwitter", "AlexaPowerTwitter\AlexaPowerTwitter.csproj", "{D31D2F8C-CE1C-45CF-A92D-BB8C481F7020}"
EndProject
Global
	GlobalSection(SolutionConfigurationPlatforms) = preSolution
		Debug|Any CPU = Debug|Any CPU
		Release|Any CPU = Release|Any CPU
	EndGlobalSection
	GlobalSection(ProjectConfigurationPlatforms) = postSolution
		{D31D2F8C-CE1C-45CF-A92D-BB8C481F7020}.Debug|Any CPU.ActiveCfg = Debug|Any CPU
		{D31D2F8C-CE1C-45CF-A92D-BB8C481F7020}.Debug|Any CPU.Build.0 = Debug|Any CPU
		{D31D2F8C-CE1C-45CF-A92D-BB8C481F7020}.Release|Any CPU.ActiveCfg = Release|Any CPU
		{D31D2F8C-CE1C-45CF-A92D-BB8C481F7020}.Release|Any CPU.Build.0 = Release|Any CPU
	EndGlobalSection
	GlobalSection(SolutionProperties) = preSolution
		HideSolutionNode = FALSE
	EndGlobalSection
	GlobalSection(ExtensibilityGlobals) = postSolution
		SolutionGuid = {17C5B0D2-8FCB-41E7-B507-8AAEA03E8218}
	EndGlobalSection
EndGlobal
